
Microsoft Visual Studio Solution File, Format Version 12.00
# Visual Studio Version 16
VisualStudioVersion = 16.0.31624.102
MinimumVisualStudioVersion = 10.0.40219.1
Project("{9A19103F-16F7-4668-BE54-9A1E7A4F7556}") = "API.Words", "API.Words\API.Words.csproj", "{60B50277-6762-4B40-8DC9-89D53442146E}"
EndProject
Project("{9A19103F-16F7-4668-BE54-9A1E7A4F7556}") = "Data.Words", "Data.Words\Data.Words.csproj", "{C9BF6AAE-468C-4FDF-A5EF-A329D61E59CA}"
EndProject
Project("{9A19103F-16F7-4668-BE54-9A1E7A4F7556}") = "Services.Words", "Services.Words\Services.Words.csproj", "{8C75F1E1-30E8-40AA-A390-390E86F7D3DD}"
EndProject
Project("{FAE04EC0-301F-11D3-BF4B-00C04F79EFBC}") = "Repository.Words", "Repository.Words\Repository.Words.csproj", "{4AB6AD8D-9515-451C-B654-1EACE40C49A2}"
EndProject
Project("{FAE04EC0-301F-11D3-BF4B-00C04F79EFBC}") = "Services.Words.Tests", "Services.Words.Tests\Services.Words.Tests.csproj", "{32F47180-17D4-444C-8A3A-E731A9887CF1}"
EndProject
Global
	GlobalSection(SolutionConfigurationPlatforms) = preSolution
		Debug|Any CPU = Debug|Any CPU
		Release|Any CPU = Release|Any CPU
	EndGlobalSection
	GlobalSection(ProjectConfigurationPlatforms) = postSolution
		{60B50277-6762-4B40-8DC9-89D53442146E}.Debug|Any CPU.ActiveCfg = Debug|Any CPU
		{60B50277-6762-4B40-8DC9-89D53442146E}.Debug|Any CPU.Build.0 = Debug|Any CPU
		{60B50277-6762-4B40-8DC9-89D53442146E}.Release|Any CPU.ActiveCfg = Release|Any CPU
		{60B50277-6762-4B40-8DC9-89D53442146E}.Release|Any CPU.Build.0 = Release|Any CPU
		{C9BF6AAE-468C-4FDF-A5EF-A329D61E59CA}.Debug|Any CPU.ActiveCfg = Debug|Any CPU
		{C9BF6AAE-468C-4FDF-A5EF-A329D61E59CA}.Debug|Any CPU.Build.0 = Debug|Any CPU
		{C9BF6AAE-468C-4FDF-A5EF-A329D61E59CA}.Release|Any CPU.ActiveCfg = Release|Any CPU
		{C9BF6AAE-468C-4FDF-A5EF-A329D61E59CA}.Release|Any CPU.Build.0 = Release|Any CPU
		{8C75F1E1-30E8-40AA-A390-390E86F7D3DD}.Debug|Any CPU.ActiveCfg = Debug|Any CPU
		{8C75F1E1-30E8-40AA-A390-390E86F7D3DD}.Debug|Any CPU.Build.0 = Debug|Any CPU
		{8C75F1E1-30E8-40AA-A390-390E86F7D3DD}.Release|Any CPU.ActiveCfg = Release|Any CPU
		{8C75F1E1-30E8-40AA-A390-390E86F7D3DD}.Release|Any CPU.Build.0 = Release|Any CPU
		{4AB6AD8D-9515-451C-B654-1EACE40C49A2}.Debug|Any CPU.ActiveCfg = Debug|Any CPU
		{4AB6AD8D-9515-451C-B654-1EACE40C49A2}.Debug|Any CPU.Build.0 = Debug|Any CPU
		{4AB6AD8D-9515-451C-B654-1EACE40C49A2}.Release|Any CPU.ActiveCfg = Release|Any CPU
		{4AB6AD8D-9515-451C-B654-1EACE40C49A2}.Release|Any CPU.Build.0 = Release|Any CPU
		{32F47180-17D4-444C-8A3A-E731A9887CF1}.Debug|Any CPU.ActiveCfg = Debug|Any CPU
		{32F47180-17D4-444C-8A3A-E731A9887CF1}.Debug|Any CPU.Build.0 = Debug|Any CPU
		{32F47180-17D4-444C-8A3A-E731A9887CF1}.Release|Any CPU.ActiveCfg = Release|Any CPU
		{32F47180-17D4-444C-8A3A-E731A9887CF1}.Release|Any CPU.Build.0 = Release|Any CPU
	EndGlobalSection
	GlobalSection(SolutionProperties) = preSolution
		HideSolutionNode = FALSE
	EndGlobalSection
	GlobalSection(ExtensibilityGlobals) = postSolution
		SolutionGuid = {BCD111FA-BB90-4B55-905E-EE392509C8AF}
	EndGlobalSection
EndGlobal
